{
  "nodes": {
    "nixpkgs": {
      "locked": {
        "lastModified": 1719540504,
        "narHash": "sha256-SIbmh3yyPmzLI+qHlMC/pJVfo4ISFu1OORo5YLFk8o0=",
        "owner": "nixos",
        "repo": "nixpkgs",
        "rev": "33be72b31b7cc5a0b43cc3b6c005cf4e4d47d899",
        "type": "github"
      },
      "original": {
        "owner": "nixos",
        "repo": "nixpkgs",
        "type": "github"
      }
    },
    "root": {
      "inputs": {
        "nixpkgs": "nixpkgs"
      }
    }
  },
  "root": "root",
  "version": 7
}
